<?xml version="1.0" encoding="utf-8"?>
<Project ToolsVersion="4.0" xmlns="http://schemas.microsoft.com/developer/msbuild/2003">
  <ItemGroup>
    <Filter Include="源文件">
      <UniqueIdentifier>{4FC737F1-C7A5-4376-A066-2A32D752A2FF}</UniqueIdentifier>
      <Extensions>cpp;c;cc;cxx;def;odl;idl;hpj;bat;asm;asmx</Extensions>
    </Filter>
    <Filter Include="头文件">
      <UniqueIdentifier>{93995380-89BD-4b04-88EB-625FBE52EBFB}</UniqueIdentifier>
      <Extensions>h;hh;hpp;hxx;hm;inl;inc;ipp;xsd</Extensions>
    </Filter>
    <Filter Include="资源文件">
      <UniqueIdentifier>{67DA6AB6-F800-4c08-8B7A-83BB121AAD01}</UniqueIdentifier>
      <Extensions>rc;ico;cur;bmp;dlg;rc2;rct;bin;rgs;gif;jpg;jpeg;jpe;resx;tiff;tif;png;wav;mfcribbon-ms</Extensions>
    </Filter>
    <Filter Include="源文件\autox">
      <UniqueIdentifier>{0469df25-6394-4a48-b3c2-8bb77c0c5a7b}</UniqueIdentifier>
    </Filter>
    <Filter Include="头文件\autox">
      <UniqueIdentifier>{c4aedf83-e50f-439c-aac1-dc47f0e471a0}</UniqueIdentifier>
    </Filter>
  </ItemGroup>
  <ItemGroup>
    <ClCompile Include="MSVS.cpp">
      <Filter>源文件</Filter>
    </ClCompile>
    <ClCompile Include="llama_demo.cpp">
      <Filter>源文件</Filter>
    </ClCompile>
    <ClCompile Include="whisper_demo.cpp">
      <Filter>源文件</Filter>
    </ClCompile>
    <ClCompile Include="..\..\..\src\layers\autox_layer_multi_head_attention.c">
      <Filter>源文件\autox</Filter>
    </ClCompile>
    <ClCompile Include="..\..\..\src\layers\autox_layer_sampler.c">
      <Filter>源文件\autox</Filter>
    </ClCompile>
    <ClCompile Include="..\..\..\src\layers\autox_layer_tokenizer.c">
      <Filter>源文件\autox</Filter>
    </ClCompile>
    <ClCompile Include="..\..\..\src\layers\autox_layer_transformer.c">
      <Filter>源文件\autox</Filter>
    </ClCompile>
    <ClCompile Include="..\..\..\src\architectures\autox_llama.c">
      <Filter>源文件\autox</Filter>
    </ClCompile>
    <ClCompile Include="..\..\..\src\kernels\ansi\autox_nn_accum.c">
      <Filter>源文件\autox</Filter>
    </ClCompile>
    <ClCompile Include="..\..\..\src\kernels\ansi\autox_nn_argmax.c">
      <Filter>源文件\autox</Filter>
    </ClCompile>
    <ClCompile Include="..\..\..\src\kernels\ansi\autox_nn_matmul.c">
      <Filter>源文件\autox</Filter>
    </ClCompile>
    <ClCompile Include="..\..\..\src\kernels\ansi\autox_nn_rmsnorm.c">
      <Filter>源文件\autox</Filter>
    </ClCompile>
    <ClCompile Include="..\..\..\src\kernels\ansi\autox_nn_rope_rotation.c">
      <Filter>源文件\autox</Filter>
    </ClCompile>
    <ClCompile Include="..\..\..\src\kernels\ansi\autox_nn_softmax.c">
      <Filter>源文件\autox</Filter>
    </ClCompile>
    <ClCompile Include="..\..\..\src\kernels\ansi\autox_nn_swiglu.c">
      <Filter>源文件\autox</Filter>
    </ClCompile>
    <ClCompile Include="..\..\..\src\architectures\autox_whisper.c">
      <Filter>源文件\autox</Filter>
    </ClCompile>
  </ItemGroup>
  <ItemGroup>
    <ClInclude Include="llama_demo.h">
      <Filter>头文件</Filter>
    </ClInclude>
    <ClInclude Include="whisper_demo.h">
      <Filter>头文件</Filter>
    </ClInclude>
    <ClInclude Include="..\..\..\src\architectures\autox_arch.h">
      <Filter>头文件\autox</Filter>
    </ClInclude>
    <ClInclude Include="..\..\..\src\autox_engine.h">
      <Filter>头文件\autox</Filter>
    </ClInclude>
    <ClInclude Include="..\..\..\src\layers\autox_layers.h">
      <Filter>头文件\autox</Filter>
    </ClInclude>
    <ClInclude Include="..\..\..\src\kernels\autox_nn.h">
      <Filter>头文件\autox</Filter>
    </ClInclude>
    <ClInclude Include="..\..\..\src\kernels\ansi\autox_nn_ansi.h">
      <Filter>头文件\autox</Filter>
    </ClInclude>
    <ClInclude Include="..\..\..\src\kernels\ansi\autox_nn_ansi_headers.h">
      <Filter>头文件\autox</Filter>
    </ClInclude>
  </ItemGroup>
</Project>